
Microsoft Visual Studio Solution File, Format Version 12.00
# Visual Studio Version 16
VisualStudioVersion = 16.0.30406.217
MinimumVisualStudioVersion = 10.0.40219.1
Project("{FAE04EC0-301F-11D3-BF4B-00C04F79EFBC}") = "DexArm", "DexArm\DexArm.csproj", "{4177D581-B9A9-49EC-8287-5B30C947D754}"
EndProject
Global
	GlobalSection(SolutionConfigurationPlatforms) = preSolution
		Debug|Any CPU = Debug|Any CPU
		Release|Any CPU = Release|Any CPU
	EndGlobalSection
	GlobalSection(ProjectConfigurationPlatforms) = postSolution
		{4177D581-B9A9-49EC-8287-5B30C947D754}.Debug|Any CPU.ActiveCfg = Debug|Any CPU
		{4177D581-B9A9-49EC-8287-5B30C947D754}.Debug|Any CPU.Build.0 = Debug|Any CPU
		{4177D581-B9A9-49EC-8287-5B30C947D754}.Release|Any CPU.ActiveCfg = Release|Any CPU
		{4177D581-B9A9-49EC-8287-5B30C947D754}.Release|Any CPU.Build.0 = Release|Any CPU
	EndGlobalSection
	GlobalSection(SolutionProperties) = preSolution
		HideSolutionNode = FALSE
	EndGlobalSection
	GlobalSection(ExtensibilityGlobals) = postSolution
		SolutionGuid = {598F6F00-8F08-40F3-9381-ED2AA31976D4}
	EndGlobalSection
EndGlobal
